
Microsoft Visual Studio Solution File, Format Version 12.00
# Visual Studio Version 17
VisualStudioVersion = 17.2.32616.157
MinimumVisualStudioVersion = 10.0.40219.1
Project("{FAE04EC0-301F-11D3-BF4B-00C04F79EFBC}") = "Avast Thema", "Avast Thema\Avast Thema.csproj", "{CA0D3B04-8541-42DE-83A8-8273E222E4FF}"
EndProject
Project("{FAE04EC0-301F-11D3-BF4B-00C04F79EFBC}") = "MyImageButton", "MyImageButton\MyImageButton.csproj", "{D35A8E39-8C53-4A76-9646-4BEAB99BB39F}"
EndProject
Global
	GlobalSection(SolutionConfigurationPlatforms) = preSolution
		Debug|Any CPU = Debug|Any CPU
		Release|Any CPU = Release|Any CPU
	EndGlobalSection
	GlobalSection(ProjectConfigurationPlatforms) = postSolution
		{CA0D3B04-8541-42DE-83A8-8273E222E4FF}.Debug|Any CPU.ActiveCfg = Debug|Any CPU
		{CA0D3B04-8541-42DE-83A8-8273E222E4FF}.Debug|Any CPU.Build.0 = Debug|Any CPU
		{CA0D3B04-8541-42DE-83A8-8273E222E4FF}.Release|Any CPU.ActiveCfg = Release|Any CPU
		{CA0D3B04-8541-42DE-83A8-8273E222E4FF}.Release|Any CPU.Build.0 = Release|Any CPU
		{D35A8E39-8C53-4A76-9646-4BEAB99BB39F}.Debug|Any CPU.ActiveCfg = Debug|Any CPU
		{D35A8E39-8C53-4A76-9646-4BEAB99BB39F}.Debug|Any CPU.Build.0 = Debug|Any CPU
		{D35A8E39-8C53-4A76-9646-4BEAB99BB39F}.Release|Any CPU.ActiveCfg = Release|Any CPU
		{D35A8E39-8C53-4A76-9646-4BEAB99BB39F}.Release|Any CPU.Build.0 = Release|Any CPU
	EndGlobalSection
	GlobalSection(SolutionProperties) = preSolution
		HideSolutionNode = FALSE
	EndGlobalSection
	GlobalSection(ExtensibilityGlobals) = postSolution
		SolutionGuid = {25D01876-5410-45D6-95DD-B3FF90FCE2B1}
	EndGlobalSection
EndGlobal
