
Microsoft Visual Studio Solution File, Format Version 12.00
# Visual Studio Version 17
VisualStudioVersion = 17.2.32616.157
MinimumVisualStudioVersion = 10.0.40219.1
Project("{FAE04EC0-301F-11D3-BF4B-00C04F79EFBC}") = "2022.07.12", "2022.07.12\2022.07.12.csproj", "{614115EC-9C90-4585-8A4C-2F24DBA5DAFA}"
EndProject
Global
	GlobalSection(SolutionConfigurationPlatforms) = preSolution
		Debug|Any CPU = Debug|Any CPU
		Release|Any CPU = Release|Any CPU
	EndGlobalSection
	GlobalSection(ProjectConfigurationPlatforms) = postSolution
		{614115EC-9C90-4585-8A4C-2F24DBA5DAFA}.Debug|Any CPU.ActiveCfg = Debug|Any CPU
		{614115EC-9C90-4585-8A4C-2F24DBA5DAFA}.Debug|Any CPU.Build.0 = Debug|Any CPU
		{614115EC-9C90-4585-8A4C-2F24DBA5DAFA}.Release|Any CPU.ActiveCfg = Release|Any CPU
		{614115EC-9C90-4585-8A4C-2F24DBA5DAFA}.Release|Any CPU.Build.0 = Release|Any CPU
	EndGlobalSection
	GlobalSection(SolutionProperties) = preSolution
		HideSolutionNode = FALSE
	EndGlobalSection
	GlobalSection(ExtensibilityGlobals) = postSolution
		SolutionGuid = {448220F9-9447-4F71-8D26-0B4A7B1E62A9}
	EndGlobalSection
EndGlobal
