
Microsoft Visual Studio Solution File, Format Version 12.00
# Visual Studio Version 17
VisualStudioVersion = 17.2.32616.157
MinimumVisualStudioVersion = 10.0.40219.1
Project("{FAE04EC0-301F-11D3-BF4B-00C04F79EFBC}") = "WindowsFormsApp1", "WindowsFormsApp1\WindowsFormsApp1.csproj", "{F1F14DCB-B6CF-434F-B032-0A8944D3E324}"
EndProject
Global
	GlobalSection(SolutionConfigurationPlatforms) = preSolution
		Debug|Any CPU = Debug|Any CPU
		Release|Any CPU = Release|Any CPU
	EndGlobalSection
	GlobalSection(ProjectConfigurationPlatforms) = postSolution
		{F1F14DCB-B6CF-434F-B032-0A8944D3E324}.Debug|Any CPU.ActiveCfg = Debug|Any CPU
		{F1F14DCB-B6CF-434F-B032-0A8944D3E324}.Debug|Any CPU.Build.0 = Debug|Any CPU
		{F1F14DCB-B6CF-434F-B032-0A8944D3E324}.Release|Any CPU.ActiveCfg = Release|Any CPU
		{F1F14DCB-B6CF-434F-B032-0A8944D3E324}.Release|Any CPU.Build.0 = Release|Any CPU
	EndGlobalSection
	GlobalSection(SolutionProperties) = preSolution
		HideSolutionNode = FALSE
	EndGlobalSection
	GlobalSection(ExtensibilityGlobals) = postSolution
		SolutionGuid = {91C704FB-686F-4591-8895-92BE2325FBD3}
	EndGlobalSection
EndGlobal
